
Microsoft Visual Studio Solution File, Format Version 12.00
# Visual Studio Version 17
VisualStudioVersion = 17.10.35013.160
MinimumVisualStudioVersion = 10.0.40219.1
Project("{FAE04EC0-301F-11D3-BF4B-00C04F79EFBC}") = "Day3 Assignment", "Day3 Assignment.csproj", "{EBEBF6A9-BA88-4905-B018-94893CB909BB}"
EndProject
Global
	GlobalSection(SolutionConfigurationPlatforms) = preSolution
		Debug|Any CPU = Debug|Any CPU
		Release|Any CPU = Release|Any CPU
	EndGlobalSection
	GlobalSection(ProjectConfigurationPlatforms) = postSolution
		{EBEBF6A9-BA88-4905-B018-94893CB909BB}.Debug|Any CPU.ActiveCfg = Debug|Any CPU
		{EBEBF6A9-BA88-4905-B018-94893CB909BB}.Debug|Any CPU.Build.0 = Debug|Any CPU
		{EBEBF6A9-BA88-4905-B018-94893CB909BB}.Release|Any CPU.ActiveCfg = Release|Any CPU
		{EBEBF6A9-BA88-4905-B018-94893CB909BB}.Release|Any CPU.Build.0 = Release|Any CPU
	EndGlobalSection
	GlobalSection(SolutionProperties) = preSolution
		HideSolutionNode = FALSE
	EndGlobalSection
	GlobalSection(ExtensibilityGlobals) = postSolution
		SolutionGuid = {F04070B6-BA55-43CA-BED6-062B0975B940}
	EndGlobalSection
EndGlobal
